
Microsoft Visual Studio Solution File, Format Version 12.00
# Visual Studio Version 16
VisualStudioVersion = 16.0.31829.152
MinimumVisualStudioVersion = 10.0.40219.1
Project("{FAE04EC0-301F-11D3-BF4B-00C04F79EFBC}") = "Prak week 8", "Prak week 8\Prak week 8.csproj", "{A8D6E378-B023-46E1-AA5B-53F0AE7583AC}"
EndProject
Global
	GlobalSection(SolutionConfigurationPlatforms) = preSolution
		Debug|Any CPU = Debug|Any CPU
		Release|Any CPU = Release|Any CPU
	EndGlobalSection
	GlobalSection(ProjectConfigurationPlatforms) = postSolution
		{A8D6E378-B023-46E1-AA5B-53F0AE7583AC}.Debug|Any CPU.ActiveCfg = Debug|Any CPU
		{A8D6E378-B023-46E1-AA5B-53F0AE7583AC}.Debug|Any CPU.Build.0 = Debug|Any CPU
		{A8D6E378-B023-46E1-AA5B-53F0AE7583AC}.Release|Any CPU.ActiveCfg = Release|Any CPU
		{A8D6E378-B023-46E1-AA5B-53F0AE7583AC}.Release|Any CPU.Build.0 = Release|Any CPU
	EndGlobalSection
	GlobalSection(SolutionProperties) = preSolution
		HideSolutionNode = FALSE
	EndGlobalSection
	GlobalSection(ExtensibilityGlobals) = postSolution
		SolutionGuid = {81C394AB-3B35-4118-9BE4-192212CCB018}
	EndGlobalSection
EndGlobal
